
Microsoft Visual Studio Solution File, Format Version 12.00
# Visual Studio 15
VisualStudioVersion = 15.0.26124.0
MinimumVisualStudioVersion = 15.0.26124.0
Project("{FAE04EC0-301F-11D3-BF4B-00C04F79EFBC}") = "Fibonacci", "Fibonacci\Fibonacci.csproj", "{08DACB59-8326-43CE-A6E4-22F6E0CBBDC6}"
EndProject
Project("{FAE04EC0-301F-11D3-BF4B-00C04F79EFBC}") = "Fibonacci.Tests", "Fibonacci.Tests\Fibonacci.Tests.csproj", "{47561486-4916-41B0-B181-E1928BC5D4DD}"
EndProject
Global
	GlobalSection(SolutionConfigurationPlatforms) = preSolution
		Debug|Any CPU = Debug|Any CPU
		Debug|x64 = Debug|x64
		Debug|x86 = Debug|x86
		Release|Any CPU = Release|Any CPU
		Release|x64 = Release|x64
		Release|x86 = Release|x86
	EndGlobalSection
	GlobalSection(SolutionProperties) = preSolution
		HideSolutionNode = FALSE
	EndGlobalSection
	GlobalSection(ProjectConfigurationPlatforms) = postSolution
		{08DACB59-8326-43CE-A6E4-22F6E0CBBDC6}.Debug|Any CPU.ActiveCfg = Debug|Any CPU
		{08DACB59-8326-43CE-A6E4-22F6E0CBBDC6}.Debug|Any CPU.Build.0 = Debug|Any CPU
		{08DACB59-8326-43CE-A6E4-22F6E0CBBDC6}.Debug|x64.ActiveCfg = Debug|Any CPU
		{08DACB59-8326-43CE-A6E4-22F6E0CBBDC6}.Debug|x64.Build.0 = Debug|Any CPU
		{08DACB59-8326-43CE-A6E4-22F6E0CBBDC6}.Debug|x86.ActiveCfg = Debug|Any CPU
		{08DACB59-8326-43CE-A6E4-22F6E0CBBDC6}.Debug|x86.Build.0 = Debug|Any CPU
		{08DACB59-8326-43CE-A6E4-22F6E0CBBDC6}.Release|Any CPU.ActiveCfg = Release|Any CPU
		{08DACB59-8326-43CE-A6E4-22F6E0CBBDC6}.Release|Any CPU.Build.0 = Release|Any CPU
		{08DACB59-8326-43CE-A6E4-22F6E0CBBDC6}.Release|x64.ActiveCfg = Release|Any CPU
		{08DACB59-8326-43CE-A6E4-22F6E0CBBDC6}.Release|x64.Build.0 = Release|Any CPU
		{08DACB59-8326-43CE-A6E4-22F6E0CBBDC6}.Release|x86.ActiveCfg = Release|Any CPU
		{08DACB59-8326-43CE-A6E4-22F6E0CBBDC6}.Release|x86.Build.0 = Release|Any CPU
		{47561486-4916-41B0-B181-E1928BC5D4DD}.Debug|Any CPU.ActiveCfg = Debug|Any CPU
		{47561486-4916-41B0-B181-E1928BC5D4DD}.Debug|Any CPU.Build.0 = Debug|Any CPU
		{47561486-4916-41B0-B181-E1928BC5D4DD}.Debug|x64.ActiveCfg = Debug|Any CPU
		{47561486-4916-41B0-B181-E1928BC5D4DD}.Debug|x64.Build.0 = Debug|Any CPU
		{47561486-4916-41B0-B181-E1928BC5D4DD}.Debug|x86.ActiveCfg = Debug|Any CPU
		{47561486-4916-41B0-B181-E1928BC5D4DD}.Debug|x86.Build.0 = Debug|Any CPU
		{47561486-4916-41B0-B181-E1928BC5D4DD}.Release|Any CPU.ActiveCfg = Release|Any CPU
		{47561486-4916-41B0-B181-E1928BC5D4DD}.Release|Any CPU.Build.0 = Release|Any CPU
		{47561486-4916-41B0-B181-E1928BC5D4DD}.Release|x64.ActiveCfg = Release|Any CPU
		{47561486-4916-41B0-B181-E1928BC5D4DD}.Release|x64.Build.0 = Release|Any CPU
		{47561486-4916-41B0-B181-E1928BC5D4DD}.Release|x86.ActiveCfg = Release|Any CPU
		{47561486-4916-41B0-B181-E1928BC5D4DD}.Release|x86.Build.0 = Release|Any CPU
	EndGlobalSection
EndGlobal
